github.com/awnumar/memcall v0.1.2 h1:7gOfDTL+BJ6nnbtAp9+HQzUFjtP1hEseRQq8eP055QY=
github.com/awnumar/memcall v0.1.2/go.mod h1:S911igBPR9CThzd/hYQQmTc9SWNu3ZHIlCGaWsWsoJo=
github.com/awnumar/memguard v0.22.3 h1:b4sgUXtbUjhrGELPbuC62wU+BsPQy+8lkWed9Z+pj0Y=
github.com/awnumar/memguard v0.22.3/go.mod h1:mmGunnffnLHlxE5rRgQc3j+uwPZ27eYb61ccr8Clz2Y=
github.com/gnzlabs/keyring v1.0.0-beta.3 h1:CQmLCSqe+WKsB1Jrr1HXx5DAIoY/C1Sy33tQEZMROvQ=
github.com/gnzlabs/keyring v1.0.0-beta.3/go.mod h1:qAzM1NGMwJhJXvP5uouaEdqNkONcpVnlgmaaVhYl4ag=
github.com/go-piv/piv-go v1.11.0 h1:5vAaCdRTFSIW4PeqMbnsDlUZ7odMYWnHBDGdmtU/Zhg=
github.com/go-piv/piv-go v1.11.0/go.mod h1:NZ2zmjVkfFaL/CF8cVQ/pXdXtuj110zEKGdJM6fJZZM=
golang.org/x/crypto v0.0.0-20220722155217-630584e8d5aa h1:zuSxTR4o9y82ebqCUJYNGJbGPo6sKVl54f/TVDObg1c=
golang.org/x/crypto v0.0.0-20220722155217-630584e8d5aa/go.mod h1:IxCIyHEi3zRg3s0A5j5BB6A9Jmi73HwBIUl50j+osU4=
golang.org/x/sys v0.0.0-20191001151750-bb3f8db39f24/go.mod h1:h1NjWce9XRLGQEsW7wpKNCjG9DtNlClVuFLEZdDNbEs=
golang.org/x/sys v0.0.0-20220731174439-a90be440212d h1:Sv5ogFZatcgIMMtBSTTAgMYsicp25MXBubjXNDKwm80=
golang.org/x/sys v0.0.0-20220731174439-a90be440212d/go.mod h1:oPkhp1MJrh7nUepCBck5+mAzfO9JrbApNNgaTdGDITg=
